// !$*UTF8*$!
{
	archiveVersion = 1;
	classes = {
	};
	objectVersion = 55;
	objects = {

/* Begin PBXBuildFile section */
		FA0F8E8228A56C9400F77F84 /* BlackJackApp.swift in Sources */ = {isa = PBXBuildFile; fileRef = FA0F8E8128A56C9400F77F84 /* BlackJackApp.swift */; };
		FA0F8E8428A56C9400F77F84 /* ContentView.swift in Sources */ = {isa = PBXBuildFile; fileRef = FA0F8E8328A56C9400F77F84 /* ContentView.swift */; };
		FA0F8E8628A56C9600F77F84 /* Assets.xcassets in Resources */ = {isa = PBXBuildFile; fileRef = FA0F8E8528A56C9600F77F84 /* Assets.xcassets */; };
		FA0F8E8928A56C9600F77F84 /* Preview Assets.xcassets in Resources */ = {isa = PBXBuildFile; fileRef = FA0F8E8828A56C9600F77F84 /* Preview Assets.xcassets */; };
		FA0F8E9128A6511C00F77F84 /* ModelData.swift in Sources */ = {isa = PBXBuildFile; fileRef = FA0F8E9028A6511C00F77F84 /* ModelData.swift */; };
		FA0F8E9328A6532800F77F84 /* Card.swift in Sources */ = {isa = PBXBuildFile; fileRef = FA0F8E9228A6532800F77F84 /* Card.swift */; };
		FA0F8E9528A6557700F77F84 /* TableView.swift in Sources */ = {isa = PBXBuildFile; fileRef = FA0F8E9428A6557700F77F84 /* TableView.swift */; };
		FA10BFBE28A97E5E009FBCA8 /* ColorConstants.swift in Sources */ = {isa = PBXBuildFile; fileRef = FA10BFBD28A97E5E009FBCA8 /* ColorConstants.swift */; };
		FA10BFC028AA7238009FBCA8 /* PlayCards.swift in Sources */ = {isa = PBXBuildFile; fileRef = FA10BFBF28AA7238009FBCA8 /* PlayCards.swift */; };
		FA10BFC228AAC989009FBCA8 /* MenuView.swift in Sources */ = {isa = PBXBuildFile; fileRef = FA10BFC128AAC989009FBCA8 /* MenuView.swift */; };
		FA10BFC428AACCA7009FBCA8 /* HowToPlayView.swift in Sources */ = {isa = PBXBuildFile; fileRef = FA10BFC328AACCA7009FBCA8 /* HowToPlayView.swift */; };
		FA10BFCA28AB770F009FBCA8 /* Modifiers.swift in Sources */ = {isa = PBXBuildFile; fileRef = FA10BFC928AB770F009FBCA8 /* Modifiers.swift */; };
		FA10BFCC28ACE32E009FBCA8 /* SettingView.swift in Sources */ = {isa = PBXBuildFile; fileRef = FA10BFCB28ACE32E009FBCA8 /* SettingView.swift */; };
		FA10BFCE28ACE622009FBCA8 /* ToastView.swift in Sources */ = {isa = PBXBuildFile; fileRef = FA10BFCD28ACE622009FBCA8 /* ToastView.swift */; };
		FA10BFD028AD6B85009FBCA8 /* LeaderBoardView.swift in Sources */ = {isa = PBXBuildFile; fileRef = FA10BFCF28AD6B85009FBCA8 /* LeaderBoardView.swift */; };
		FA10BFD228AE2B0C009FBCA8 /* RegisterView.swift in Sources */ = {isa = PBXBuildFile; fileRef = FA10BFD128AE2B0C009FBCA8 /* RegisterView.swift */; };
		FAF1570728B2B2D1002B80AC /* PlaySound.swift in Sources */ = {isa = PBXBuildFile; fileRef = FAF1570628B2B2D1002B80AC /* PlaySound.swift */; };
		FAF1572E28B2BEE3002B80AC /* welcome.mp3 in Resources */ = {isa = PBXBuildFile; fileRef = FAF1572728B2BEE3002B80AC /* welcome.mp3 */; };
		FAF1572F28B2BEE3002B80AC /* draw_card.mp3 in Resources */ = {isa = PBXBuildFile; fileRef = FAF1572828B2BEE3002B80AC /* draw_card.mp3 */; };
		FAF1573028B2BEE3002B80AC /* win.mp3 in Resources */ = {isa = PBXBuildFile; fileRef = FAF1572928B2BEE3002B80AC /* win.mp3 */; };
		FAF1573128B2BEE3002B80AC /* betMoney.wav in Resources */ = {isa = PBXBuildFile; fileRef = FAF1572A28B2BEE3002B80AC /* betMoney.wav */; };
		FAF1573228B2BEE3002B80AC /* tie.wav in Resources */ = {isa = PBXBuildFile; fileRef = FAF1572B28B2BEE3002B80AC /* tie.wav */; };
		FAF1573328B2BEE3002B80AC /* lose.mp3 in Resources */ = {isa = PBXBuildFile; fileRef = FAF1572C28B2BEE3002B80AC /* lose.mp3 */; };
		FAF1573428B2BEE3002B80AC /* stand.mp3 in Resources */ = {isa = PBXBuildFile; fileRef = FAF1572D28B2BEE3002B80AC /* stand.mp3 */; };
/* End PBXBuildFile section */

/* Begin PBXFileReference section */
		FA0F8E7E28A56C9400F77F84 /* BlackJack.app */ = {isa = PBXFileReference; explicitFileType = wrapper.application; includeInIndex = 0; path = BlackJack.app; sourceTree = BUILT_PRODUCTS_DIR; };
		FA0F8E8128A56C9400F77F84 /* BlackJackApp.swift */ = {isa = PBXFileReference; lastKnownFileType = sourcecode.swift; path = BlackJackApp.swift; sourceTree = "<group>"; };
		FA0F8E8328A56C9400F77F84 /* ContentView.swift */ = {isa = PBXFileReference; lastKnownFileType = sourcecode.swift; path = ContentView.swift; sourceTree = "<group>"; };
		FA0F8E8528A56C9600F77F84 /* Assets.xcassets */ = {isa = PBXFileReference; lastKnownFileType = folder.assetcatalog; path = Assets.xcassets; sourceTree = "<group>"; };
		FA0F8E8828A56C9600F77F84 /* Preview Assets.xcassets */ = {isa = PBXFileReference; lastKnownFileType = folder.assetcatalog; path = "Preview Assets.xcassets"; sourceTree = "<group>"; };
		FA0F8E9028A6511C00F77F84 /* ModelData.swift */ = {isa = PBXFileReference; lastKnownFileType = sourcecode.swift; path = ModelData.swift; sourceTree = "<group>"; };
		FA0F8E9228A6532800F77F84 /* Card.swift */ = {isa = PBXFileReference; lastKnownFileType = sourcecode.swift; path = Card.swift; sourceTree = "<group>"; };
		FA0F8E9428A6557700F77F84 /* TableView.swift */ = {isa = PBXFileReference; lastKnownFileType = sourcecode.swift; path = TableView.swift; sourceTree = "<group>"; };
		FA10BFBD28A97E5E009FBCA8 /* ColorConstants.swift */ = {isa = PBXFileReference; lastKnownFileType = sourcecode.swift; path = ColorConstants.swift; sourceTree = "<group>"; };
		FA10BFBF28AA7238009FBCA8 /* PlayCards.swift */ = {isa = PBXFileReference; lastKnownFileType = sourcecode.swift; path = PlayCards.swift; sourceTree = "<group>"; };
		FA10BFC128AAC989009FBCA8 /* MenuView.swift */ = {isa = PBXFileReference; lastKnownFileType = sourcecode.swift; path = MenuView.swift; sourceTree = "<group>"; };
		FA10BFC328AACCA7009FBCA8 /* HowToPlayView.swift */ = {isa = PBXFileReference; lastKnownFileType = sourcecode.swift; path = HowToPlayView.swift; sourceTree = "<group>"; };
		FA10BFC928AB770F009FBCA8 /* Modifiers.swift */ = {isa = PBXFileReference; lastKnownFileType = sourcecode.swift; path = Modifiers.swift; sourceTree = "<group>"; };
		FA10BFCB28ACE32E009FBCA8 /* SettingView.swift */ = {isa = PBXFileReference; lastKnownFileType = sourcecode.swift; path = SettingView.swift; sourceTree = "<group>"; };
		FA10BFCD28ACE622009FBCA8 /* ToastView.swift */ = {isa = PBXFileReference; lastKnownFileType = sourcecode.swift; path = ToastView.swift; sourceTree = "<group>"; };
		FA10BFCF28AD6B85009FBCA8 /* LeaderBoardView.swift */ = {isa = PBXFileReference; lastKnownFileType = sourcecode.swift; path = LeaderBoardView.swift; sourceTree = "<group>"; };
		FA10BFD128AE2B0C009FBCA8 /* RegisterView.swift */ = {isa = PBXFileReference; lastKnownFileType = sourcecode.swift; path = RegisterView.swift; sourceTree = "<group>"; };
		FAF1570628B2B2D1002B80AC /* PlaySound.swift */ = {isa = PBXFileReference; lastKnownFileType = sourcecode.swift; path = PlaySound.swift; sourceTree = "<group>"; };
		FAF1572728B2BEE3002B80AC /* welcome.mp3 */ = {isa = PBXFileReference; lastKnownFileType = audio.mp3; path = welcome.mp3; sourceTree = "<group>"; };
		FAF1572828B2BEE3002B80AC /* draw_card.mp3 */ = {isa = PBXFileReference; lastKnownFileType = audio.mp3; path = draw_card.mp3; sourceTree = "<group>"; };
		FAF1572928B2BEE3002B80AC /* win.mp3 */ = {isa = PBXFileReference; lastKnownFileType = audio.mp3; path = win.mp3; sourceTree = "<group>"; };
		FAF1572A28B2BEE3002B80AC /* betMoney.wav */ = {isa = PBXFileReference; lastKnownFileType = audio.wav; path = betMoney.wav; sourceTree = "<group>"; };
		FAF1572B28B2BEE3002B80AC /* tie.wav */ = {isa = PBXFileReference; lastKnownFileType = audio.wav; path = tie.wav; sourceTree = "<group>"; };
		FAF1572C28B2BEE3002B80AC /* lose.mp3 */ = {isa = PBXFileReference; lastKnownFileType = audio.mp3; path = lose.mp3; sourceTree = "<group>"; };
		FAF1572D28B2BEE3002B80AC /* stand.mp3 */ = {isa = PBXFileReference; lastKnownFileType = audio.mp3; path = stand.mp3; sourceTree = "<group>"; };
/* End PBXFileReference section */

/* Begin PBXFrameworksBuildPhase section */
		FA0F8E7B28A56C9400F77F84 /* Frameworks */ = {
			isa = PBXFrameworksBuildPhase;
			buildActionMask = 2147483647;
			files = (
			);
			runOnlyForDeploymentPostprocessing = 0;
		};
/* End PBXFrameworksBuildPhase section */

/* Begin PBXGroup section */
		FA0F8E7528A56C9400F77F84 = {
			isa = PBXGroup;
			children = (
				FA0F8E8028A56C9400F77F84 /* BlackJack */,
				FA0F8E7F28A56C9400F77F84 /* Products */,
			);
			sourceTree = "<group>";
		};
		FA0F8E7F28A56C9400F77F84 /* Products */ = {
			isa = PBXGroup;
			children = (
				FA0F8E7E28A56C9400F77F84 /* BlackJack.app */,
			);
			name = Products;
			sourceTree = "<group>";
		};
		FA0F8E8028A56C9400F77F84 /* BlackJack */ = {
			isa = PBXGroup;
			children = (
				FAF1572628B2BEE3002B80AC /* Sounds */,
				FA10BFC828AB7670009FBCA8 /* Helpers */,
				FA0F8E9628A6557F00F77F84 /* View */,
				FA0F8E8F28A6510600F77F84 /* ModelData */,
				FA0F8E8128A56C9400F77F84 /* BlackJackApp.swift */,
				FA0F8E8328A56C9400F77F84 /* ContentView.swift */,
				FA0F8E8528A56C9600F77F84 /* Assets.xcassets */,
				FA0F8E8728A56C9600F77F84 /* Preview Content */,
			);
			path = BlackJack;
			sourceTree = "<group>";
		};
		FA0F8E8728A56C9600F77F84 /* Preview Content */ = {
			isa = PBXGroup;
			children = (
				FA0F8E8828A56C9600F77F84 /* Preview Assets.xcassets */,
			);
			path = "Preview Content";
			sourceTree = "<group>";
		};
		FA0F8E8F28A6510600F77F84 /* ModelData */ = {
			isa = PBXGroup;
			children = (
				FA0F8E9028A6511C00F77F84 /* ModelData.swift */,
				FA0F8E9228A6532800F77F84 /* Card.swift */,
				FA10BFBD28A97E5E009FBCA8 /* ColorConstants.swift */,
			);
			path = ModelData;
			sourceTree = "<group>";
		};
		FA0F8E9628A6557F00F77F84 /* View */ = {
			isa = PBXGroup;
			children = (
				FA10BFC528AACCAF009FBCA8 /* GameView */,
				FA10BFC128AAC989009FBCA8 /* MenuView.swift */,
				FA10BFC328AACCA7009FBCA8 /* HowToPlayView.swift */,
				FA10BFCB28ACE32E009FBCA8 /* SettingView.swift */,
				FA10BFCD28ACE622009FBCA8 /* ToastView.swift */,
				FA10BFCF28AD6B85009FBCA8 /* LeaderBoardView.swift */,
				FA10BFD128AE2B0C009FBCA8 /* RegisterView.swift */,
			);
			path = View;
			sourceTree = "<group>";
		};
		FA10BFC528AACCAF009FBCA8 /* GameView */ = {
			isa = PBXGroup;
			children = (
				FA10BFBF28AA7238009FBCA8 /* PlayCards.swift */,
				FA0F8E9428A6557700F77F84 /* TableView.swift */,
			);
			path = GameView;
			sourceTree = "<group>";
		};
		FA10BFC828AB7670009FBCA8 /* Helpers */ = {
			isa = PBXGroup;
			children = (
				FA10BFC928AB770F009FBCA8 /* Modifiers.swift */,
				FAF1570628B2B2D1002B80AC /* PlaySound.swift */,
			);
			path = Helpers;
			sourceTree = "<group>";
		};
		FAF1572628B2BEE3002B80AC /* Sounds */ = {
			isa = PBXGroup;
			children = (
				FAF1572728B2BEE3002B80AC /* welcome.mp3 */,
				FAF1572828B2BEE3002B80AC /* draw_card.mp3 */,
				FAF1572928B2BEE3002B80AC /* win.mp3 */,
				FAF1572A28B2BEE3002B80AC /* betMoney.wav */,
				FAF1572B28B2BEE3002B80AC /* tie.wav */,
				FAF1572C28B2BEE3002B80AC /* lose.mp3 */,
				FAF1572D28B2BEE3002B80AC /* stand.mp3 */,
			);
			path = Sounds;
			sourceTree = "<group>";
		};
/* End PBXGroup section */

/* Begin PBXNativeTarget section */
		FA0F8E7D28A56C9400F77F84 /* BlackJack */ = {
			isa = PBXNativeTarget;
			buildConfigurationList = FA0F8E8C28A56C9600F77F84 /* Build configuration list for PBXNativeTarget "BlackJack" */;
			buildPhases = (
				FA0F8E7A28A56C9400F77F84 /* Sources */,
				FA0F8E7B28A56C9400F77F84 /* Frameworks */,
				FA0F8E7C28A56C9400F77F84 /* Resources */,
			);
			buildRules = (
			);
			dependencies = (
			);
			name = BlackJack;
			productName = BlackJack;
			productReference = FA0F8E7E28A56C9400F77F84 /* BlackJack.app */;
			productType = "com.apple.product-type.application";
		};
/* End PBXNativeTarget section */

/* Begin PBXProject section */
		FA0F8E7628A56C9400F77F84 /* Project object */ = {
			isa = PBXProject;
			attributes = {
				BuildIndependentTargetsInParallel = 1;
				LastSwiftUpdateCheck = 1340;
				LastUpgradeCheck = 1340;
				TargetAttributes = {
					FA0F8E7D28A56C9400F77F84 = {
						CreatedOnToolsVersion = 13.4.1;
					};
				};
			};
			buildConfigurationList = FA0F8E7928A56C9400F77F84 /* Build configuration list for PBXProject "BlackJack" */;
			compatibilityVersion = "Xcode 13.0";
			developmentRegion = en;
			hasScannedForEncodings = 0;
			knownRegions = (
				en,
				Base,
			);
			mainGroup = FA0F8E7528A56C9400F77F84;
			productRefGroup = FA0F8E7F28A56C9400F77F84 /* Products */;
			projectDirPath = "";
			projectRoot = "";
			targets = (
				FA0F8E7D28A56C9400F77F84 /* BlackJack */,
			);
		};
/* End PBXProject section */

/* Begin PBXResourcesBuildPhase section */
		FA0F8E7C28A56C9400F77F84 /* Resources */ = {
			isa = PBXResourcesBuildPhase;
			buildActionMask = 2147483647;
			files = (
				FAF1573228B2BEE3002B80AC /* tie.wav in Resources */,
				FAF1573428B2BEE3002B80AC /* stand.mp3 in Resources */,
				FAF1573328B2BEE3002B80AC /* lose.mp3 in Resources */,
				FAF1573028B2BEE3002B80AC /* win.mp3 in Resources */,
				FAF1572E28B2BEE3002B80AC /* welcome.mp3 in Resources */,
				FA0F8E8928A56C9600F77F84 /* Preview Assets.xcassets in Resources */,
				FAF1572F28B2BEE3002B80AC /* draw_card.mp3 in Resources */,
				FA0F8E8628A56C9600F77F84 /* Assets.xcassets in Resources */,
				FAF1573128B2BEE3002B80AC /* betMoney.wav in Resources */,
			);
			runOnlyForDeploymentPostprocessing = 0;
		};
/* End PBXResourcesBuildPhase section */

/* Begin PBXSourcesBuildPhase section */
		FA0F8E7A28A56C9400F77F84 /* Sources */ = {
			isa = PBXSourcesBuildPhase;
			buildActionMask = 2147483647;
			files = (
				FA10BFC028AA7238009FBCA8 /* PlayCards.swift in Sources */,
				FA10BFC228AAC989009FBCA8 /* MenuView.swift in Sources */,
				FA0F8E8428A56C9400F77F84 /* ContentView.swift in Sources */,
				FA10BFD228AE2B0C009FBCA8 /* RegisterView.swift in Sources */,
				FA10BFC428AACCA7009FBCA8 /* HowToPlayView.swift in Sources */,
				FA10BFCE28ACE622009FBCA8 /* ToastView.swift in Sources */,
				FA10BFCA28AB770F009FBCA8 /* Modifiers.swift in Sources */,
				FA0F8E9528A6557700F77F84 /* TableView.swift in Sources */,
				FA0F8E8228A56C9400F77F84 /* BlackJackApp.swift in Sources */,
				FA10BFBE28A97E5E009FBCA8 /* ColorConstants.swift in Sources */,
				FAF1570728B2B2D1002B80AC /* PlaySound.swift in Sources */,
				FA0F8E9128A6511C00F77F84 /* ModelData.swift in Sources */,
				FA10BFD028AD6B85009FBCA8 /* LeaderBoardView.swift in Sources */,
				FA0F8E9328A6532800F77F84 /* Card.swift in Sources */,
				FA10BFCC28ACE32E009FBCA8 /* SettingView.swift in Sources */,
			);
			runOnlyForDeploymentPostprocessing = 0;
		};
/* End PBXSourcesBuildPhase section */

/* Begin XCBuildConfiguration section */
		FA0F8E8A28A56C9600F77F84 /* Debug */ = {
			isa = XCBuildConfiguration;
			buildSettings = {
				ALWAYS_SEARCH_USER_PATHS = NO;
				CLANG_ANALYZER_NONNULL = YES;
				CLANG_ANALYZER_NUMBER_OBJECT_CONVERSION = YES_AGGRESSIVE;
				CLANG_CXX_LANGUAGE_STANDARD = "gnu++17";
				CLANG_ENABLE_MODULES = YES;
				CLANG_ENABLE_OBJC_ARC = YES;
				CLANG_ENABLE_OBJC_WEAK = YES;
				CLANG_WARN_BLOCK_CAPTURE_AUTORELEASING = YES;
				CLANG_WARN_BOOL_CONVERSION = YES;
				CLANG_WARN_COMMA = YES;
				CLANG_WARN_CONSTANT_CONVERSION = YES;
				CLANG_WARN_DEPRECATED_OBJC_IMPLEMENTATIONS = YES;
				CLANG_WARN_DIRECT_OBJC_ISA_USAGE = YES_ERROR;
				CLANG_WARN_DOCUMENTATION_COMMENTS = YES;
				CLANG_WARN_EMPTY_BODY = YES;
				CLANG_WARN_ENUM_CONVERSION = YES;
				CLANG_WARN_INFINITE_RECURSION = YES;
				CLANG_WARN_INT_CONVERSION = YES;
				CLANG_WARN_NON_LITERAL_NULL_CONVERSION = YES;
				CLANG_WARN_OBJC_IMPLICIT_RETAIN_SELF = YES;
				CLANG_WARN_OBJC_LITERAL_CONVERSION = YES;
				CLANG_WARN_OBJC_ROOT_CLASS = YES_ERROR;
				CLANG_WARN_QUOTED_INCLUDE_IN_FRAMEWORK_HEADER = YES;
				CLANG_WARN_RANGE_LOOP_ANALYSIS = YES;
				CLANG_WARN_STRICT_PROTOTYPES = YES;
				CLANG_WARN_SUSPICIOUS_MOVE = YES;
				CLANG_WARN_UNGUARDED_AVAILABILITY = YES_AGGRESSIVE;
				CLANG_WARN_UNREACHABLE_CODE = YES;
				CLANG_WARN__DUPLICATE_METHOD_MATCH = YES;
				COPY_PHASE_STRIP = NO;
				DEBUG_INFORMATION_FORMAT = dwarf;
				ENABLE_STRICT_OBJC_MSGSEND = YES;
				ENABLE_TESTABILITY = YES;
				GCC_C_LANGUAGE_STANDARD = gnu11;
				GCC_DYNAMIC_NO_PIC = NO;
				GCC_NO_COMMON_BLOCKS = YES;
				GCC_OPTIMIZATION_LEVEL = 0;
				GCC_PREPROCESSOR_DEFINITIONS = (
					"DEBUG=1",
					"$(inherited)",
				);
				GCC_WARN_64_TO_32_BIT_CONVERSION = YES;
				GCC_WARN_ABOUT_RETURN_TYPE = YES_ERROR;
				GCC_WARN_UNDECLARED_SELECTOR = YES;
				GCC_WARN_UNINITIALIZED_AUTOS = YES_AGGRESSIVE;
				GCC_WARN_UNUSED_FUNCTION = YES;
				GCC_WARN_UNUSED_VARIABLE = YES;
				IPHONEOS_DEPLOYMENT_TARGET = 15.5;
				MTL_ENABLE_DEBUG_INFO = INCLUDE_SOURCE;
				MTL_FAST_MATH = YES;
				ONLY_ACTIVE_ARCH = YES;
				SDKROOT = iphoneos;
				SWIFT_ACTIVE_COMPILATION_CONDITIONS = DEBUG;
				SWIFT_OPTIMIZATION_LEVEL = "-Onone";
			};
			name = Debug;
		};
		FA0F8E8B28A56C9600F77F84 /* Release */ = {
			isa = XCBuildConfiguration;
			buildSettings = {
				ALWAYS_SEARCH_USER_PATHS = NO;
				CLANG_ANALYZER_NONNULL = YES;
				CLANG_ANALYZER_NUMBER_OBJECT_CONVERSION = YES_AGGRESSIVE;
				CLANG_CXX_LANGUAGE_STANDARD = "gnu++17";
				CLANG_ENABLE_MODULES = YES;
				CLANG_ENABLE_OBJC_ARC = YES;
				CLANG_ENABLE_OBJC_WEAK = YES;
				CLANG_WARN_BLOCK_CAPTURE_AUTORELEASING = YES;
				CLANG_WARN_BOOL_CONVERSION = YES;
				CLANG_WARN_COMMA = YES;
				CLANG_WARN_CONSTANT_CONVERSION = YES;
				CLANG_WARN_DEPRECATED_OBJC_IMPLEMENTATIONS = YES;
				CLANG_WARN_DIRECT_OBJC_ISA_USAGE = YES_ERROR;
				CLANG_WARN_DOCUMENTATION_COMMENTS = YES;
				CLANG_WARN_EMPTY_BODY = YES;
				CLANG_WARN_ENUM_CONVERSION = YES;
				CLANG_WARN_INFINITE_RECURSION = YES;
				CLANG_WARN_INT_CONVERSION = YES;
				CLANG_WARN_NON_LITERAL_NULL_CONVERSION = YES;
				CLANG_WARN_OBJC_IMPLICIT_RETAIN_SELF = YES;
				CLANG_WARN_OBJC_LITERAL_CONVERSION = YES;
				CLANG_WARN_OBJC_ROOT_CLASS = YES_ERROR;
				CLANG_WARN_QUOTED_INCLUDE_IN_FRAMEWORK_HEADER = YES;
				CLANG_WARN_RANGE_LOOP_ANALYSIS = YES;
				CLANG_WARN_STRICT_PROTOTYPES = YES;
				CLANG_WARN_SUSPICIOUS_MOVE = YES;
				CLANG_WARN_UNGUARDED_AVAILABILITY = YES_AGGRESSIVE;
				CLANG_WARN_UNREACHABLE_CODE = YES;
				CLANG_WARN__DUPLICATE_METHOD_MATCH = YES;
				COPY_PHASE_STRIP = NO;
				DEBUG_INFORMATION_FORMAT = "dwarf-with-dsym";
				ENABLE_NS_ASSERTIONS = NO;
				ENABLE_STRICT_OBJC_MSGSEND = YES;
				GCC_C_LANGUAGE_STANDARD = gnu11;
				GCC_NO_COMMON_BLOCKS = YES;
				GCC_WARN_64_TO_32_BIT_CONVERSION = YES;
				GCC_WARN_ABOUT_RETURN_TYPE = YES_ERROR;
				GCC_WARN_UNDECLARED_SELECTOR = YES;
				GCC_WARN_UNINITIALIZED_AUTOS = YES_AGGRESSIVE;
				GCC_WARN_UNUSED_FUNCTION = YES;
				GCC_WARN_UNUSED_VARIABLE = YES;
				IPHONEOS_DEPLOYMENT_TARGET = 15.5;
				MTL_ENABLE_DEBUG_INFO = NO;
				MTL_FAST_MATH = YES;
				SDKROOT = iphoneos;
				SWIFT_COMPILATION_MODE = wholemodule;
				SWIFT_OPTIMIZATION_LEVEL = "-O";
				VALIDATE_PRODUCT = YES;
			};
			name = Release;
		};
		FA0F8E8D28A56C9600F77F84 /* Debug */ = {
			isa = XCBuildConfiguration;
			buildSettings = {
				ASSETCATALOG_COMPILER_APPICON_NAME = AppIcon;
				ASSETCATALOG_COMPILER_GLOBAL_ACCENT_COLOR_NAME = AccentColor;
				CODE_SIGN_STYLE = Automatic;
				CURRENT_PROJECT_VERSION = 1;
				DEVELOPMENT_ASSET_PATHS = "\"BlackJack/Preview Content\"";
				DEVELOPMENT_TEAM = 88UL73W94J;
				ENABLE_PREVIEWS = YES;
				GENERATE_INFOPLIST_FILE = YES;
				INFOPLIST_KEY_UIApplicationSceneManifest_Generation = YES;
				INFOPLIST_KEY_UIApplicationSupportsIndirectInputEvents = YES;
				INFOPLIST_KEY_UILaunchScreen_Generation = YES;
				INFOPLIST_KEY_UISupportedInterfaceOrientations = "UIInterfaceOrientationLandscapeLeft UIInterfaceOrientationPortraitUpsideDown UIInterfaceOrientationPortrait UIInterfaceOrientationLandscapeRight";
				INFOPLIST_KEY_UISupportedInterfaceOrientations_iPad = "UIInterfaceOrientationPortrait UIInterfaceOrientationPortraitUpsideDown UIInterfaceOrientationLandscapeLeft UIInterfaceOrientationLandscapeRight";
				INFOPLIST_KEY_UISupportedInterfaceOrientations_iPhone = "UIInterfaceOrientationPortrait UIInterfaceOrientationLandscapeLeft UIInterfaceOrientationLandscapeRight";
				LD_RUNPATH_SEARCH_PATHS = (
					"$(inherited)",
					"@executable_path/Frameworks",
				);
				MARKETING_VERSION = 1.0;
				PRODUCT_BUNDLE_IDENTIFIER = vn.edu.rmit.3802828.BlackJack;
				PRODUCT_NAME = "$(TARGET_NAME)";
				SWIFT_EMIT_LOC_STRINGS = YES;
				SWIFT_VERSION = 5.0;
				TARGETED_DEVICE_FAMILY = "1,2";
			};
			name = Debug;
		};
		FA0F8E8E28A56C9600F77F84 /* Release */ = {
			isa = XCBuildConfiguration;
			buildSettings = {
				ASSETCATALOG_COMPILER_APPICON_NAME = AppIcon;
				ASSETCATALOG_COMPILER_GLOBAL_ACCENT_COLOR_NAME = AccentColor;
				CODE_SIGN_STYLE = Automatic;
				CURRENT_PROJECT_VERSION = 1;
				DEVELOPMENT_ASSET_PATHS = "\"BlackJack/Preview Content\"";
				DEVELOPMENT_TEAM = 88UL73W94J;
				ENABLE_PREVIEWS = YES;
				GENERATE_INFOPLIST_FILE = YES;
				INFOPLIST_KEY_UIApplicationSceneManifest_Generation = YES;
				INFOPLIST_KEY_UIApplicationSupportsIndirectInputEvents = YES;
				INFOPLIST_KEY_UILaunchScreen_Generation = YES;
				INFOPLIST_KEY_UISupportedInterfaceOrientations = "UIInterfaceOrientationLandscapeLeft UIInterfaceOrientationPortraitUpsideDown UIInterfaceOrientationPortrait UIInterfaceOrientationLandscapeRight";
				INFOPLIST_KEY_UISupportedInterfaceOrientations_iPad = "UIInterfaceOrientationPortrait UIInterfaceOrientationPortraitUpsideDown UIInterfaceOrientationLandscapeLeft UIInterfaceOrientationLandscapeRight";
				INFOPLIST_KEY_UISupportedInterfaceOrientations_iPhone = "UIInterfaceOrientationPortrait UIInterfaceOrientationLandscapeLeft UIInterfaceOrientationLandscapeRight";
				LD_RUNPATH_SEARCH_PATHS = (
					"$(inherited)",
					"@executable_path/Frameworks",
				);
				MARKETING_VERSION = 1.0;
				PRODUCT_BUNDLE_IDENTIFIER = vn.edu.rmit.3802828.BlackJack;
				PRODUCT_NAME = "$(TARGET_NAME)";
				SWIFT_EMIT_LOC_STRINGS = YES;
				SWIFT_VERSION = 5.0;
				TARGETED_DEVICE_FAMILY = "1,2";
			};
			name = Release;
		};
/* End XCBuildConfiguration section */

/* Begin XCConfigurationList section */
		FA0F8E7928A56C9400F77F84 /* Build configuration list for PBXProject "BlackJack" */ = {
			isa = XCConfigurationList;
			buildConfigurations = (
				FA0F8E8A28A56C9600F77F84 /* Debug */,
				FA0F8E8B28A56C9600F77F84 /* Release */,
			);
			defaultConfigurationIsVisible = 0;
			defaultConfigurationName = Release;
		};
		FA0F8E8C28A56C9600F77F84 /* Build configuration list for PBXNativeTarget "BlackJack" */ = {
			isa = XCConfigurationList;
			buildConfigurations = (
				FA0F8E8D28A56C9600F77F84 /* Debug */,
				FA0F8E8E28A56C9600F77F84 /* Release */,
			);
			defaultConfigurationIsVisible = 0;
			defaultConfigurationName = Release;
		};
/* End XCConfigurationList section */
	};
	rootObject = FA0F8E7628A56C9400F77F84 /* Project object */;
}
